
Microsoft Visual Studio Solution File, Format Version 12.00
# Visual Studio 15
VisualStudioVersion = 15.0.28307.1684
MinimumVisualStudioVersion = 10.0.40219.1
Project("{8BC9CEB8-8B4A-11D0-8D11-00A0C91BC942}") = "MLP", "MLP.vcxproj", "{4415B6F7-A836-419D-9A4F-53262E02D557}"
EndProject
Global
	GlobalSection(SolutionConfigurationPlatforms) = preSolution
		Debug|x64 = Debug|x64
		Debug|x86 = Debug|x86
		Release|x64 = Release|x64
		Release|x86 = Release|x86
	EndGlobalSection
	GlobalSection(ProjectConfigurationPlatforms) = postSolution
		{4415B6F7-A836-419D-9A4F-53262E02D557}.Debug|x64.ActiveCfg = Debug|x64
		{4415B6F7-A836-419D-9A4F-53262E02D557}.Debug|x64.Build.0 = Debug|x64
		{4415B6F7-A836-419D-9A4F-53262E02D557}.Debug|x86.ActiveCfg = Debug|Win32
		{4415B6F7-A836-419D-9A4F-53262E02D557}.Debug|x86.Build.0 = Debug|Win32
		{4415B6F7-A836-419D-9A4F-53262E02D557}.Release|x64.ActiveCfg = Release|x64
		{4415B6F7-A836-419D-9A4F-53262E02D557}.Release|x64.Build.0 = Release|x64
		{4415B6F7-A836-419D-9A4F-53262E02D557}.Release|x86.ActiveCfg = Release|Win32
		{4415B6F7-A836-419D-9A4F-53262E02D557}.Release|x86.Build.0 = Release|Win32
	EndGlobalSection
	GlobalSection(SolutionProperties) = preSolution
		HideSolutionNode = FALSE
	EndGlobalSection
	GlobalSection(ExtensibilityGlobals) = postSolution
		SolutionGuid = {DD691941-93AD-459F-BDC7-49E9533E61A7}
	EndGlobalSection
EndGlobal
