
Microsoft Visual Studio Solution File, Format Version 12.00
# Visual Studio 15
VisualStudioVersion = 15.0.28307.1684
MinimumVisualStudioVersion = 10.0.40219.1
Project("{8BC9CEB8-8B4A-11D0-8D11-00A0C91BC942}") = "ALL_BUILD", "ALL_BUILD.vcxproj", "{7C59784E-AD96-3D78-8081-E85D55BB9879}"
	ProjectSection(ProjectDependencies) = postProject
		{50E78974-9ED6-3D3A-AE3E-8412BBF02B2D} = {50E78974-9ED6-3D3A-AE3E-8412BBF02B2D}
		{2EAC26DE-B707-3C25-A4F8-1E5AF0EAB1F8} = {2EAC26DE-B707-3C25-A4F8-1E5AF0EAB1F8}
	EndProjectSection
EndProject
Project("{8BC9CEB8-8B4A-11D0-8D11-00A0C91BC942}") = "ZERO_CHECK", "ZERO_CHECK.vcxproj", "{50E78974-9ED6-3D3A-AE3E-8412BBF02B2D}"
EndProject
Project("{8BC9CEB8-8B4A-11D0-8D11-00A0C91BC942}") = "updated_mlp", "updated_mlp.vcxproj", "{2EAC26DE-B707-3C25-A4F8-1E5AF0EAB1F8}"
	ProjectSection(ProjectDependencies) = postProject
		{50E78974-9ED6-3D3A-AE3E-8412BBF02B2D} = {50E78974-9ED6-3D3A-AE3E-8412BBF02B2D}
	EndProjectSection
EndProject
Global
	GlobalSection(SolutionConfigurationPlatforms) = preSolution
		Debug|Win32 = Debug|Win32
		MinSizeRel|Win32 = MinSizeRel|Win32
		Release|Win32 = Release|Win32
		RelWithDebInfo|Win32 = RelWithDebInfo|Win32
	EndGlobalSection
	GlobalSection(ProjectConfigurationPlatforms) = postSolution
		{7C59784E-AD96-3D78-8081-E85D55BB9879}.Debug|Win32.ActiveCfg = Debug|Win32
		{7C59784E-AD96-3D78-8081-E85D55BB9879}.MinSizeRel|Win32.ActiveCfg = MinSizeRel|Win32
		{7C59784E-AD96-3D78-8081-E85D55BB9879}.Release|Win32.ActiveCfg = Release|Win32
		{7C59784E-AD96-3D78-8081-E85D55BB9879}.RelWithDebInfo|Win32.ActiveCfg = RelWithDebInfo|Win32
		{50E78974-9ED6-3D3A-AE3E-8412BBF02B2D}.Debug|Win32.ActiveCfg = Debug|Win32
		{50E78974-9ED6-3D3A-AE3E-8412BBF02B2D}.Debug|Win32.Build.0 = Debug|Win32
		{50E78974-9ED6-3D3A-AE3E-8412BBF02B2D}.MinSizeRel|Win32.ActiveCfg = MinSizeRel|Win32
		{50E78974-9ED6-3D3A-AE3E-8412BBF02B2D}.MinSizeRel|Win32.Build.0 = MinSizeRel|Win32
		{50E78974-9ED6-3D3A-AE3E-8412BBF02B2D}.Release|Win32.ActiveCfg = Release|Win32
		{50E78974-9ED6-3D3A-AE3E-8412BBF02B2D}.Release|Win32.Build.0 = Release|Win32
		{50E78974-9ED6-3D3A-AE3E-8412BBF02B2D}.RelWithDebInfo|Win32.ActiveCfg = RelWithDebInfo|Win32
		{50E78974-9ED6-3D3A-AE3E-8412BBF02B2D}.RelWithDebInfo|Win32.Build.0 = RelWithDebInfo|Win32
		{2EAC26DE-B707-3C25-A4F8-1E5AF0EAB1F8}.Debug|Win32.ActiveCfg = Debug|Win32
		{2EAC26DE-B707-3C25-A4F8-1E5AF0EAB1F8}.Debug|Win32.Build.0 = Debug|Win32
		{2EAC26DE-B707-3C25-A4F8-1E5AF0EAB1F8}.MinSizeRel|Win32.ActiveCfg = MinSizeRel|Win32
		{2EAC26DE-B707-3C25-A4F8-1E5AF0EAB1F8}.MinSizeRel|Win32.Build.0 = MinSizeRel|Win32
		{2EAC26DE-B707-3C25-A4F8-1E5AF0EAB1F8}.Release|Win32.ActiveCfg = Release|Win32
		{2EAC26DE-B707-3C25-A4F8-1E5AF0EAB1F8}.Release|Win32.Build.0 = Release|Win32
		{2EAC26DE-B707-3C25-A4F8-1E5AF0EAB1F8}.RelWithDebInfo|Win32.ActiveCfg = RelWithDebInfo|Win32
		{2EAC26DE-B707-3C25-A4F8-1E5AF0EAB1F8}.RelWithDebInfo|Win32.Build.0 = RelWithDebInfo|Win32
	EndGlobalSection
	GlobalSection(SolutionProperties) = preSolution
		HideSolutionNode = FALSE
	EndGlobalSection
	GlobalSection(ExtensibilityGlobals) = postSolution
		SolutionGuid = {D50212B6-647B-3915-912D-B718F4F24FDE}
	EndGlobalSection
EndGlobal
